
Microsoft Visual Studio Solution File, Format Version 12.00
# Visual Studio Version 16
VisualStudioVersion = 16.0.31410.357
MinimumVisualStudioVersion = 10.0.40219.1
Project("{FAE04EC0-301F-11D3-BF4B-00C04F79EFBC}") = "NguyenTienLong_1811060449_lab06", "NguyenTienLong_1811060449_lab06\NguyenTienLong_1811060449_lab06.csproj", "{3A8E7775-41C5-48FD-B7B4-28C7F0AAB974}"
EndProject
Global
	GlobalSection(SolutionConfigurationPlatforms) = preSolution
		Debug|Any CPU = Debug|Any CPU
		Release|Any CPU = Release|Any CPU
	EndGlobalSection
	GlobalSection(ProjectConfigurationPlatforms) = postSolution
		{3A8E7775-41C5-48FD-B7B4-28C7F0AAB974}.Debug|Any CPU.ActiveCfg = Debug|Any CPU
		{3A8E7775-41C5-48FD-B7B4-28C7F0AAB974}.Debug|Any CPU.Build.0 = Debug|Any CPU
		{3A8E7775-41C5-48FD-B7B4-28C7F0AAB974}.Release|Any CPU.ActiveCfg = Release|Any CPU
		{3A8E7775-41C5-48FD-B7B4-28C7F0AAB974}.Release|Any CPU.Build.0 = Release|Any CPU
	EndGlobalSection
	GlobalSection(SolutionProperties) = preSolution
		HideSolutionNode = FALSE
	EndGlobalSection
	GlobalSection(ExtensibilityGlobals) = postSolution
		SolutionGuid = {2C27359B-679B-4D45-BABE-275D583C1586}
	EndGlobalSection
EndGlobal
